
Microsoft Visual Studio Solution File, Format Version 12.00
# Visual Studio Version 16
VisualStudioVersion = 16.0.30105.148
MinimumVisualStudioVersion = 10.0.40219.1
Project("{9A19103F-16F7-4668-BE54-9A1E7A4F7556}") = "FastMatrixOperations", "FastMatrix\FastMatrixOperations.csproj", "{F562DF2E-8DCC-4CF2-8334-2F4E40B3923C}"
EndProject
Project("{9A19103F-16F7-4668-BE54-9A1E7A4F7556}") = "FastMatrixOperations.Tests", "FastMatrixOperations.Tests\FastMatrixOperations.Tests.csproj", "{A508803D-7168-4F30-B7C3-F822AB84B27E}"
EndProject
Project("{9A19103F-16F7-4668-BE54-9A1E7A4F7556}") = "FastMatrixOperations.Sandbox", "FastMatrixSandbox\FastMatrixOperations.Sandbox.csproj", "{48C2C92D-D6E2-4B4B-B999-00EAF84F4EFB}"
EndProject
Project("{2150E333-8FDC-42A3-9474-1A3956D46DE8}") = "Solution Items", "Solution Items", "{1EF588CA-231B-4D9E-AFCA-C01FC91B5710}"
	ProjectSection(SolutionItems) = preProject
		.editorconfig = .editorconfig
	EndProjectSection
EndProject
Project("{FAE04EC0-301F-11D3-BF4B-00C04F79EFBC}") = "FastMatrixOperations.Samples", "FastMatrixOperations.Samples\FastMatrixOperations.Samples.csproj", "{A4448F36-3ABF-44E2-9B34-2BDA1EBDFFA5}"
EndProject
Global
	GlobalSection(SolutionConfigurationPlatforms) = preSolution
		Debug|Any CPU = Debug|Any CPU
		Debug|x64 = Debug|x64
		Debug|x86 = Debug|x86
		Release|Any CPU = Release|Any CPU
		Release|x64 = Release|x64
		Release|x86 = Release|x86
	EndGlobalSection
	GlobalSection(ProjectConfigurationPlatforms) = postSolution
		{F562DF2E-8DCC-4CF2-8334-2F4E40B3923C}.Debug|Any CPU.ActiveCfg = Debug|Any CPU
		{F562DF2E-8DCC-4CF2-8334-2F4E40B3923C}.Debug|Any CPU.Build.0 = Debug|Any CPU
		{F562DF2E-8DCC-4CF2-8334-2F4E40B3923C}.Debug|x64.ActiveCfg = Debug|Any CPU
		{F562DF2E-8DCC-4CF2-8334-2F4E40B3923C}.Debug|x64.Build.0 = Debug|Any CPU
		{F562DF2E-8DCC-4CF2-8334-2F4E40B3923C}.Debug|x86.ActiveCfg = Debug|Any CPU
		{F562DF2E-8DCC-4CF2-8334-2F4E40B3923C}.Debug|x86.Build.0 = Debug|Any CPU
		{F562DF2E-8DCC-4CF2-8334-2F4E40B3923C}.Release|Any CPU.ActiveCfg = Release|Any CPU
		{F562DF2E-8DCC-4CF2-8334-2F4E40B3923C}.Release|Any CPU.Build.0 = Release|Any CPU
		{F562DF2E-8DCC-4CF2-8334-2F4E40B3923C}.Release|x64.ActiveCfg = Release|Any CPU
		{F562DF2E-8DCC-4CF2-8334-2F4E40B3923C}.Release|x64.Build.0 = Release|Any CPU
		{F562DF2E-8DCC-4CF2-8334-2F4E40B3923C}.Release|x86.ActiveCfg = Release|Any CPU
		{F562DF2E-8DCC-4CF2-8334-2F4E40B3923C}.Release|x86.Build.0 = Release|Any CPU
		{A508803D-7168-4F30-B7C3-F822AB84B27E}.Debug|Any CPU.ActiveCfg = Debug|Any CPU
		{A508803D-7168-4F30-B7C3-F822AB84B27E}.Debug|Any CPU.Build.0 = Debug|Any CPU
		{A508803D-7168-4F30-B7C3-F822AB84B27E}.Debug|x64.ActiveCfg = Debug|Any CPU
		{A508803D-7168-4F30-B7C3-F822AB84B27E}.Debug|x64.Build.0 = Debug|Any CPU
		{A508803D-7168-4F30-B7C3-F822AB84B27E}.Debug|x86.ActiveCfg = Debug|Any CPU
		{A508803D-7168-4F30-B7C3-F822AB84B27E}.Debug|x86.Build.0 = Debug|Any CPU
		{A508803D-7168-4F30-B7C3-F822AB84B27E}.Release|Any CPU.ActiveCfg = Release|Any CPU
		{A508803D-7168-4F30-B7C3-F822AB84B27E}.Release|Any CPU.Build.0 = Release|Any CPU
		{A508803D-7168-4F30-B7C3-F822AB84B27E}.Release|x64.ActiveCfg = Release|Any CPU
		{A508803D-7168-4F30-B7C3-F822AB84B27E}.Release|x64.Build.0 = Release|Any CPU
		{A508803D-7168-4F30-B7C3-F822AB84B27E}.Release|x86.ActiveCfg = Release|Any CPU
		{A508803D-7168-4F30-B7C3-F822AB84B27E}.Release|x86.Build.0 = Release|Any CPU
		{48C2C92D-D6E2-4B4B-B999-00EAF84F4EFB}.Debug|Any CPU.ActiveCfg = Debug|Any CPU
		{48C2C92D-D6E2-4B4B-B999-00EAF84F4EFB}.Debug|Any CPU.Build.0 = Debug|Any CPU
		{48C2C92D-D6E2-4B4B-B999-00EAF84F4EFB}.Debug|x64.ActiveCfg = Debug|Any CPU
		{48C2C92D-D6E2-4B4B-B999-00EAF84F4EFB}.Debug|x64.Build.0 = Debug|Any CPU
		{48C2C92D-D6E2-4B4B-B999-00EAF84F4EFB}.Debug|x86.ActiveCfg = Debug|Any CPU
		{48C2C92D-D6E2-4B4B-B999-00EAF84F4EFB}.Debug|x86.Build.0 = Debug|Any CPU
		{48C2C92D-D6E2-4B4B-B999-00EAF84F4EFB}.Release|Any CPU.ActiveCfg = Release|Any CPU
		{48C2C92D-D6E2-4B4B-B999-00EAF84F4EFB}.Release|Any CPU.Build.0 = Release|Any CPU
		{48C2C92D-D6E2-4B4B-B999-00EAF84F4EFB}.Release|x64.ActiveCfg = Release|Any CPU
		{48C2C92D-D6E2-4B4B-B999-00EAF84F4EFB}.Release|x64.Build.0 = Release|Any CPU
		{48C2C92D-D6E2-4B4B-B999-00EAF84F4EFB}.Release|x86.ActiveCfg = Release|Any CPU
		{48C2C92D-D6E2-4B4B-B999-00EAF84F4EFB}.Release|x86.Build.0 = Release|Any CPU
		{A4448F36-3ABF-44E2-9B34-2BDA1EBDFFA5}.Debug|Any CPU.ActiveCfg = Debug|Any CPU
		{A4448F36-3ABF-44E2-9B34-2BDA1EBDFFA5}.Debug|Any CPU.Build.0 = Debug|Any CPU
		{A4448F36-3ABF-44E2-9B34-2BDA1EBDFFA5}.Debug|x64.ActiveCfg = Debug|Any CPU
		{A4448F36-3ABF-44E2-9B34-2BDA1EBDFFA5}.Debug|x64.Build.0 = Debug|Any CPU
		{A4448F36-3ABF-44E2-9B34-2BDA1EBDFFA5}.Debug|x86.ActiveCfg = Debug|Any CPU
		{A4448F36-3ABF-44E2-9B34-2BDA1EBDFFA5}.Debug|x86.Build.0 = Debug|Any CPU
		{A4448F36-3ABF-44E2-9B34-2BDA1EBDFFA5}.Release|Any CPU.ActiveCfg = Release|Any CPU
		{A4448F36-3ABF-44E2-9B34-2BDA1EBDFFA5}.Release|Any CPU.Build.0 = Release|Any CPU
		{A4448F36-3ABF-44E2-9B34-2BDA1EBDFFA5}.Release|x64.ActiveCfg = Release|Any CPU
		{A4448F36-3ABF-44E2-9B34-2BDA1EBDFFA5}.Release|x64.Build.0 = Release|Any CPU
		{A4448F36-3ABF-44E2-9B34-2BDA1EBDFFA5}.Release|x86.ActiveCfg = Release|Any CPU
		{A4448F36-3ABF-44E2-9B34-2BDA1EBDFFA5}.Release|x86.Build.0 = Release|Any CPU
	EndGlobalSection
	GlobalSection(SolutionProperties) = preSolution
		HideSolutionNode = FALSE
	EndGlobalSection
	GlobalSection(ExtensibilityGlobals) = postSolution
		SolutionGuid = {1335357D-66AB-4ED1-934D-42EF7B0C17D5}
	EndGlobalSection
EndGlobal
